
Microsoft Visual Studio Solution File, Format Version 12.00
# Visual Studio Version 17
VisualStudioVersion = 17.1.32228.430
MinimumVisualStudioVersion = 10.0.40219.1
Project("{FAE04EC0-301F-11D3-BF4B-00C04F79EFBC}") = "PagoEmpleados", "PagoEmpleados\PagoEmpleados.csproj", "{B59DD95F-8D87-432E-A87C-AC95F7A3D5EB}"
EndProject
Global
	GlobalSection(SolutionConfigurationPlatforms) = preSolution
		Debug|Any CPU = Debug|Any CPU
		Release|Any CPU = Release|Any CPU
	EndGlobalSection
	GlobalSection(ProjectConfigurationPlatforms) = postSolution
		{B59DD95F-8D87-432E-A87C-AC95F7A3D5EB}.Debug|Any CPU.ActiveCfg = Debug|Any CPU
		{B59DD95F-8D87-432E-A87C-AC95F7A3D5EB}.Debug|Any CPU.Build.0 = Debug|Any CPU
		{B59DD95F-8D87-432E-A87C-AC95F7A3D5EB}.Release|Any CPU.ActiveCfg = Release|Any CPU
		{B59DD95F-8D87-432E-A87C-AC95F7A3D5EB}.Release|Any CPU.Build.0 = Release|Any CPU
	EndGlobalSection
	GlobalSection(SolutionProperties) = preSolution
		HideSolutionNode = FALSE
	EndGlobalSection
	GlobalSection(ExtensibilityGlobals) = postSolution
		SolutionGuid = {49E4DC29-8513-4666-B5E1-E9D5D487ECF0}
	EndGlobalSection
EndGlobal
